
Microsoft Visual Studio Solution File, Format Version 12.00
# Visual Studio 15
VisualStudioVersion = 15.0.26124.0
MinimumVisualStudioVersion = 15.0.26124.0
Project("{2150E333-8FDC-42A3-9474-1A3956D46DE8}") = "src", "src", "{FD8BA2CF-DECA-48B5-8656-D6514DE2C382}"
EndProject
Project("{FAE04EC0-301F-11D3-BF4B-00C04F79EFBC}") = "GradeBook", "src\GradeBook\GradeBook.csproj", "{8774F8B6-B642-40ED-9C64-ABBA7AD9A893}"
EndProject
Project("{2150E333-8FDC-42A3-9474-1A3956D46DE8}") = "test", "test", "{7B92CF6B-1F2B-49C7-830E-26B8DDDC80E5}"
EndProject
Project("{FAE04EC0-301F-11D3-BF4B-00C04F79EFBC}") = "GradeBook.Tests", "test\GradeBook.Tests\GradeBook.Tests.csproj", "{525FF93C-B16B-4E31-AFAF-73381305501A}"
EndProject
Global
	GlobalSection(SolutionConfigurationPlatforms) = preSolution
		Debug|Any CPU = Debug|Any CPU
		Debug|x64 = Debug|x64
		Debug|x86 = Debug|x86
		Release|Any CPU = Release|Any CPU
		Release|x64 = Release|x64
		Release|x86 = Release|x86
	EndGlobalSection
	GlobalSection(SolutionProperties) = preSolution
		HideSolutionNode = FALSE
	EndGlobalSection
	GlobalSection(ProjectConfigurationPlatforms) = postSolution
		{8774F8B6-B642-40ED-9C64-ABBA7AD9A893}.Debug|Any CPU.ActiveCfg = Debug|Any CPU
		{8774F8B6-B642-40ED-9C64-ABBA7AD9A893}.Debug|Any CPU.Build.0 = Debug|Any CPU
		{8774F8B6-B642-40ED-9C64-ABBA7AD9A893}.Debug|x64.ActiveCfg = Debug|Any CPU
		{8774F8B6-B642-40ED-9C64-ABBA7AD9A893}.Debug|x64.Build.0 = Debug|Any CPU
		{8774F8B6-B642-40ED-9C64-ABBA7AD9A893}.Debug|x86.ActiveCfg = Debug|Any CPU
		{8774F8B6-B642-40ED-9C64-ABBA7AD9A893}.Debug|x86.Build.0 = Debug|Any CPU
		{8774F8B6-B642-40ED-9C64-ABBA7AD9A893}.Release|Any CPU.ActiveCfg = Release|Any CPU
		{8774F8B6-B642-40ED-9C64-ABBA7AD9A893}.Release|Any CPU.Build.0 = Release|Any CPU
		{8774F8B6-B642-40ED-9C64-ABBA7AD9A893}.Release|x64.ActiveCfg = Release|Any CPU
		{8774F8B6-B642-40ED-9C64-ABBA7AD9A893}.Release|x64.Build.0 = Release|Any CPU
		{8774F8B6-B642-40ED-9C64-ABBA7AD9A893}.Release|x86.ActiveCfg = Release|Any CPU
		{8774F8B6-B642-40ED-9C64-ABBA7AD9A893}.Release|x86.Build.0 = Release|Any CPU
		{525FF93C-B16B-4E31-AFAF-73381305501A}.Debug|Any CPU.ActiveCfg = Debug|Any CPU
		{525FF93C-B16B-4E31-AFAF-73381305501A}.Debug|Any CPU.Build.0 = Debug|Any CPU
		{525FF93C-B16B-4E31-AFAF-73381305501A}.Debug|x64.ActiveCfg = Debug|Any CPU
		{525FF93C-B16B-4E31-AFAF-73381305501A}.Debug|x64.Build.0 = Debug|Any CPU
		{525FF93C-B16B-4E31-AFAF-73381305501A}.Debug|x86.ActiveCfg = Debug|Any CPU
		{525FF93C-B16B-4E31-AFAF-73381305501A}.Debug|x86.Build.0 = Debug|Any CPU
		{525FF93C-B16B-4E31-AFAF-73381305501A}.Release|Any CPU.ActiveCfg = Release|Any CPU
		{525FF93C-B16B-4E31-AFAF-73381305501A}.Release|Any CPU.Build.0 = Release|Any CPU
		{525FF93C-B16B-4E31-AFAF-73381305501A}.Release|x64.ActiveCfg = Release|Any CPU
		{525FF93C-B16B-4E31-AFAF-73381305501A}.Release|x64.Build.0 = Release|Any CPU
		{525FF93C-B16B-4E31-AFAF-73381305501A}.Release|x86.ActiveCfg = Release|Any CPU
		{525FF93C-B16B-4E31-AFAF-73381305501A}.Release|x86.Build.0 = Release|Any CPU
	EndGlobalSection
	GlobalSection(NestedProjects) = preSolution
		{8774F8B6-B642-40ED-9C64-ABBA7AD9A893} = {FD8BA2CF-DECA-48B5-8656-D6514DE2C382}
		{525FF93C-B16B-4E31-AFAF-73381305501A} = {7B92CF6B-1F2B-49C7-830E-26B8DDDC80E5}
	EndGlobalSection
EndGlobal
